
Microsoft Visual Studio Solution File, Format Version 12.00
# Visual Studio Version 17
VisualStudioVersion = 17.13.35919.96 d17.13
MinimumVisualStudioVersion = 10.0.40219.1
Project("{FAE04EC0-301F-11D3-BF4B-00C04F79EFBC}") = "AdvantageShopping", "AdvantageShopping\AdvantageShopping.csproj", "{836159FF-96DA-4C4F-987D-96663B35AF50}"
EndProject
Global
	GlobalSection(SolutionConfigurationPlatforms) = preSolution
		Debug|Any CPU = Debug|Any CPU
		Release|Any CPU = Release|Any CPU
	EndGlobalSection
	GlobalSection(ProjectConfigurationPlatforms) = postSolution
		{836159FF-96DA-4C4F-987D-96663B35AF50}.Debug|Any CPU.ActiveCfg = Debug|Any CPU
		{836159FF-96DA-4C4F-987D-96663B35AF50}.Debug|Any CPU.Build.0 = Debug|Any CPU
		{836159FF-96DA-4C4F-987D-96663B35AF50}.Release|Any CPU.ActiveCfg = Release|Any CPU
		{836159FF-96DA-4C4F-987D-96663B35AF50}.Release|Any CPU.Build.0 = Release|Any CPU
	EndGlobalSection
	GlobalSection(SolutionProperties) = preSolution
		HideSolutionNode = FALSE
	EndGlobalSection
	GlobalSection(ExtensibilityGlobals) = postSolution
		SolutionGuid = {3227202E-DAC0-4971-A463-92A609D2CFF3}
	EndGlobalSection
EndGlobal
